
Microsoft Visual Studio Solution File, Format Version 12.00
# Visual Studio Version 17
VisualStudioVersion = 17.5.33530.505
MinimumVisualStudioVersion = 10.0.40219.1
Project("{FAE04EC0-301F-11D3-BF4B-00C04F79EFBC}") = "VehicleShowcase", "VehicleShowcase\VehicleShowcase.csproj", "{2A984DC0-02D7-4A74-B7A5-E56F54D4F117}"
EndProject
Global
	GlobalSection(SolutionConfigurationPlatforms) = preSolution
		Debug|Any CPU = Debug|Any CPU
		Release|Any CPU = Release|Any CPU
	EndGlobalSection
	GlobalSection(ProjectConfigurationPlatforms) = postSolution
		{2A984DC0-02D7-4A74-B7A5-E56F54D4F117}.Debug|Any CPU.ActiveCfg = Debug|Any CPU
		{2A984DC0-02D7-4A74-B7A5-E56F54D4F117}.Debug|Any CPU.Build.0 = Debug|Any CPU
		{2A984DC0-02D7-4A74-B7A5-E56F54D4F117}.Release|Any CPU.ActiveCfg = Release|Any CPU
		{2A984DC0-02D7-4A74-B7A5-E56F54D4F117}.Release|Any CPU.Build.0 = Release|Any CPU
	EndGlobalSection
	GlobalSection(SolutionProperties) = preSolution
		HideSolutionNode = FALSE
	EndGlobalSection
	GlobalSection(ExtensibilityGlobals) = postSolution
		SolutionGuid = {5467B1F2-74FA-460D-BD26-845FDB5A630C}
	EndGlobalSection
EndGlobal
