
Microsoft Visual Studio Solution File, Format Version 12.00
# Visual Studio Version 17
VisualStudioVersion = 17.5.33530.505
MinimumVisualStudioVersion = 10.0.40219.1
Project("{9A19103F-16F7-4668-BE54-9A1E7A4F7556}") = "VehicleShowcase.Web", "VehicleShowcase.Web\VehicleShowcase.Web.csproj", "{2A984DC0-02D7-4A74-B7A5-E56F54D4F117}"
EndProject
Project("{9A19103F-16F7-4668-BE54-9A1E7A4F7556}") = "VehicleShowcase.Domain", "VehicleShowcase.Domain\VehicleShowcase.Domain.csproj", "{1AC9673E-0B14-4CB7-899B-25F62DD7B45A}"
EndProject
Project("{9A19103F-16F7-4668-BE54-9A1E7A4F7556}") = "VehicleShowcase.Application", "VehicleShowcase.Application\VehicleShowcase.Application.csproj", "{3F91646C-16D2-4B6D-8720-CF81127E4D65}"
EndProject
Project("{9A19103F-16F7-4668-BE54-9A1E7A4F7556}") = "VehicleShowcase.Infrastructure", "VehicleShowcase.Infrastructure\VehicleShowcase.Infrastructure.csproj", "{A9507694-9BC1-4990-ADCB-C6183863CBE6}"
EndProject
Project("{E53339B2-1760-4266-BCC7-CA923CBCF16C}") = "docker-compose", "docker-compose.dcproj", "{5DA9A4C1-2DC2-4B2B-8A61-5F1A48E100CD}"
EndProject
Global
	GlobalSection(SolutionConfigurationPlatforms) = preSolution
		Debug|Any CPU = Debug|Any CPU
		Release|Any CPU = Release|Any CPU
	EndGlobalSection
	GlobalSection(ProjectConfigurationPlatforms) = postSolution
		{2A984DC0-02D7-4A74-B7A5-E56F54D4F117}.Debug|Any CPU.ActiveCfg = Debug|Any CPU
		{2A984DC0-02D7-4A74-B7A5-E56F54D4F117}.Debug|Any CPU.Build.0 = Debug|Any CPU
		{2A984DC0-02D7-4A74-B7A5-E56F54D4F117}.Release|Any CPU.ActiveCfg = Release|Any CPU
		{2A984DC0-02D7-4A74-B7A5-E56F54D4F117}.Release|Any CPU.Build.0 = Release|Any CPU
		{1AC9673E-0B14-4CB7-899B-25F62DD7B45A}.Debug|Any CPU.ActiveCfg = Debug|Any CPU
		{1AC9673E-0B14-4CB7-899B-25F62DD7B45A}.Debug|Any CPU.Build.0 = Debug|Any CPU
		{1AC9673E-0B14-4CB7-899B-25F62DD7B45A}.Release|Any CPU.ActiveCfg = Release|Any CPU
		{1AC9673E-0B14-4CB7-899B-25F62DD7B45A}.Release|Any CPU.Build.0 = Release|Any CPU
		{3F91646C-16D2-4B6D-8720-CF81127E4D65}.Debug|Any CPU.ActiveCfg = Debug|Any CPU
		{3F91646C-16D2-4B6D-8720-CF81127E4D65}.Debug|Any CPU.Build.0 = Debug|Any CPU
		{3F91646C-16D2-4B6D-8720-CF81127E4D65}.Release|Any CPU.ActiveCfg = Release|Any CPU
		{3F91646C-16D2-4B6D-8720-CF81127E4D65}.Release|Any CPU.Build.0 = Release|Any CPU
		{A9507694-9BC1-4990-ADCB-C6183863CBE6}.Debug|Any CPU.ActiveCfg = Debug|Any CPU
		{A9507694-9BC1-4990-ADCB-C6183863CBE6}.Debug|Any CPU.Build.0 = Debug|Any CPU
		{A9507694-9BC1-4990-ADCB-C6183863CBE6}.Release|Any CPU.ActiveCfg = Release|Any CPU
		{A9507694-9BC1-4990-ADCB-C6183863CBE6}.Release|Any CPU.Build.0 = Release|Any CPU
		{5DA9A4C1-2DC2-4B2B-8A61-5F1A48E100CD}.Debug|Any CPU.ActiveCfg = Debug|Any CPU
		{5DA9A4C1-2DC2-4B2B-8A61-5F1A48E100CD}.Debug|Any CPU.Build.0 = Debug|Any CPU
		{5DA9A4C1-2DC2-4B2B-8A61-5F1A48E100CD}.Release|Any CPU.ActiveCfg = Release|Any CPU
		{5DA9A4C1-2DC2-4B2B-8A61-5F1A48E100CD}.Release|Any CPU.Build.0 = Release|Any CPU
	EndGlobalSection
	GlobalSection(SolutionProperties) = preSolution
		HideSolutionNode = FALSE
	EndGlobalSection
	GlobalSection(ExtensibilityGlobals) = postSolution
		SolutionGuid = {5467B1F2-74FA-460D-BD26-845FDB5A630C}
	EndGlobalSection
EndGlobal
